
Microsoft Visual Studio Solution File, Format Version 12.00
# Visual Studio Version 17
VisualStudioVersion = 17.6.33815.320
MinimumVisualStudioVersion = 10.0.40219.1
Project("{9A19103F-16F7-4668-BE54-9A1E7A4F7556}") = "SeaWolf.HR", "SeaWolf.HR.csproj", "{BD37F4EB-18CB-4734-8C16-BF376FC963FC}"
EndProject
Project("{9A19103F-16F7-4668-BE54-9A1E7A4F7556}") = "SeaWolf.HRTests", "..\SeaWolf.HRTests\SeaWolf.HRTests.csproj", "{765F5FE2-0586-4F98-9161-D87D91F9F614}"
EndProject
Global
	GlobalSection(SolutionConfigurationPlatforms) = preSolution
		Debug|Any CPU = Debug|Any CPU
		Release|Any CPU = Release|Any CPU
	EndGlobalSection
	GlobalSection(ProjectConfigurationPlatforms) = postSolution
		{BD37F4EB-18CB-4734-8C16-BF376FC963FC}.Debug|Any CPU.ActiveCfg = Debug|Any CPU
		{BD37F4EB-18CB-4734-8C16-BF376FC963FC}.Debug|Any CPU.Build.0 = Debug|Any CPU
		{BD37F4EB-18CB-4734-8C16-BF376FC963FC}.Release|Any CPU.ActiveCfg = Release|Any CPU
		{BD37F4EB-18CB-4734-8C16-BF376FC963FC}.Release|Any CPU.Build.0 = Release|Any CPU
		{765F5FE2-0586-4F98-9161-D87D91F9F614}.Debug|Any CPU.ActiveCfg = Debug|Any CPU
		{765F5FE2-0586-4F98-9161-D87D91F9F614}.Debug|Any CPU.Build.0 = Debug|Any CPU
		{765F5FE2-0586-4F98-9161-D87D91F9F614}.Release|Any CPU.ActiveCfg = Release|Any CPU
		{765F5FE2-0586-4F98-9161-D87D91F9F614}.Release|Any CPU.Build.0 = Release|Any CPU
	EndGlobalSection
	GlobalSection(SolutionProperties) = preSolution
		HideSolutionNode = FALSE
	EndGlobalSection
	GlobalSection(ExtensibilityGlobals) = postSolution
		SolutionGuid = {7CB685C2-4E77-4E46-81D7-C47063EA2678}
	EndGlobalSection
EndGlobal
